{
  "name": "focus-ring",
  "version": "1.0.0",
  "lockfileVersion": 1,
  "requires": true,
  "dependencies": {
    "what-input": {
      "version": "5.2.7",
      "resolved": "https://registry.npmjs.org/what-input/-/what-input-5.2.7.tgz",
      "integrity": "sha512-ruCP2skyygi0ZHnMicHuZP7vXnJh8uJXs9R7RX488HlWigSdzngdmKo5Ti11Iatp1dnYp55VfioP/WevPaK+xQ=="
    }
  }
}
